{
  "R": {
    "Version": "4.4.1",
    "Repositories": [
      {
        "Name": "CRAN",
        "URL": "https://cloud.r-project.org"
      }
    ]
  },
  "Bioconductor": {
    "Version": "3.19"
  },
  "Packages": {
    "BiocGenerics": {
      "Package": "BiocGenerics",
      "Version": "0.50.0",
      "Source": "Repository",
      "Repository": "https://bioconductor.org/packages/3.19/bioc",
      "Requirements": [
        "R",
        "graphics",
        "methods",
        "stats",
        "utils"
      ],
      "Hash": "ef32d07aafdd12f24c5827374ae3590d"
    },
    "BiocManager": {
      "Package": "BiocManager",
      "Version": "1.30.23",
      "Source": "Repository",
      "Repository": "CRAN",
      "Requirements": [
        "utils"
      ],
      "Hash": "47e968dfe563c1b22c2e20a067ec21d5"
    },
    "BiocVersion": {
      "Package": "BiocVersion",
      "Version": "3.19.1",
      "Source": "Repository",
      "Repository": "https://bioconductor.org/packages/3.19/bioc",
      "Requirements": [
        "R"
      ],
      "Hash": "b892e27fc9659a4c8f8787d34c37b8b2"
    },
    "ComplexHeatmap": {
      "Package": "ComplexHeatmap",
      "Version": "2.20.0",
      "Source": "Repository",
      "Repository": "https://bioconductor.org/packages/3.19/bioc",
      "Requirements": [
        "GetoptLong",
        "GlobalOptions",
        "IRanges",
        "R",
        "RColorBrewer",
        "circlize",
        "clue",
        "codetools",
        "colorspace",
        "digest",
        "doParallel",
        "foreach",
        "grDevices",
        "graphics",
        "grid",
        "matrixStats",
        "methods",
        "png",
        "stats"
      ],
      "Hash": "0308920b8b9315ccfe69bccb66c15485"
    },
    "GetoptLong": {
      "Package": "GetoptLong",
      "Version": "1.0.5",
      "Source": "Repository",
      "Repository": "CRAN",
      "Requirements": [
        "GlobalOptions",
        "R",
        "crayon",
        "methods",
        "rjson"
      ],
      "Hash": "61fac01c73abf03ac72e88dc3952c1e3"
    },
    "GlobalOptions": {
      "Package": "GlobalOptions",
      "Version": "0.1.2",
      "Source": "Repository",
      "Repository": "CRAN",
      "Requirements": [
        "R",
        "methods",
        "utils"
      ],
      "Hash": "c3f7b221e60c28f5f3533d74c6fef024"
    },
    "IRanges": {
      "Package": "IRanges",
      "Version": "2.38.0",
      "Source": "Repository",
      "Repository": "https://bioconductor.org/packages/3.19/bioc",
      "Requirements": [
        "BiocGenerics",
        "R",
        "S4Vectors",
        "methods",
        "stats",
        "stats4",
        "utils"
      ],
      "Hash": "836770692f7c8401090519228b93af32"
    },
    "RColorBrewer": {
      "Package": "RColorBrewer",
      "Version": "1.1-3",
      "Source": "Repository",
      "Repository": "CRAN",
      "Requirements": [
        "R"
      ],
      "Hash": "45f0398006e83a5b10b72a90663d8d8c"
    },
    "S4Vectors": {
      "Package": "S4Vectors",
      "Version": "0.42.0",
      "Source": "Repository",
      "Repository": "https://bioconductor.org/packages/3.19/bioc",
      "Requirements": [
        "BiocGenerics",
        "R",
        "methods",
        "stats",
        "stats4",
        "utils"
      ],
      "Hash": "245ac721ca6088200392ea5251db9e3c"
    },
    "circlize": {
      "Package": "circlize",
      "Version": "0.4.16",
      "Source": "Repository",
      "Repository": "CRAN",
      "Requirements": [
        "GlobalOptions",
        "R",
        "colorspace",
        "grDevices",
        "graphics",
        "grid",
        "methods",
        "shape",
        "stats",
        "utils"
      ],
      "Hash": "bf366c80e2b55a5383b4af8fa2a10b74"
    },
    "clue": {
      "Package": "clue",
      "Version": "0.3-65",
      "Source": "Repository",
      "Repository": "CRAN",
      "Requirements": [
        "R",
        "cluster",
        "graphics",
        "methods",
        "stats"
      ],
      "Hash": "d6b53853800595408a776900bcc0c23f"
    },
    "cluster": {
      "Package": "cluster",
      "Version": "2.1.6",
      "Source": "Repository",
      "Repository": "CRAN",
      "Requirements": [
        "R",
        "grDevices",
        "graphics",
        "stats",
        "utils"
      ],
      "Hash": "0aaa05204035dc43ea0004b9c76611dd"
    },
    "codetools": {
      "Package": "codetools",
      "Version": "0.2-19",
      "Source": "Repository",
      "Repository": "CRAN",
      "Requirements": [
        "R"
      ],
      "Hash": "c089a619a7fae175d149d89164f8c7d8"
    },
    "colorspace": {
      "Package": "colorspace",
      "Version": "2.1-0",
      "Source": "Repository",
      "Repository": "CRAN",
      "Requirements": [
        "R",
        "grDevices",
        "graphics",
        "methods",
        "stats"
      ],
      "Hash": "f20c47fd52fae58b4e377c37bb8c335b"
    },
    "crayon": {
      "Package": "crayon",
      "Version": "1.5.2",
      "Source": "Repository",
      "Repository": "CRAN",
      "Requirements": [
        "grDevices",
        "methods",
        "utils"
      ],
      "Hash": "e8a1e41acf02548751f45c718d55aa6a"
    },
    "digest": {
      "Package": "digest",
      "Version": "0.6.35",
      "Source": "Repository",
      "Repository": "CRAN",
      "Requirements": [
        "R",
        "utils"
      ],
      "Hash": "698ece7ba5a4fa4559e3d537e7ec3d31"
    },
    "doParallel": {
      "Package": "doParallel",
      "Version": "1.0.17",
      "Source": "Repository",
      "Repository": "CRAN",
      "Requirements": [
        "R",
        "foreach",
        "iterators",
        "parallel",
        "utils"
      ],
      "Hash": "451e5edf411987991ab6a5410c45011f"
    },
    "foreach": {
      "Package": "foreach",
      "Version": "1.5.2",
      "Source": "Repository",
      "Repository": "CRAN",
      "Requirements": [
        "R",
        "codetools",
        "iterators",
        "utils"
      ],
      "Hash": "618609b42c9406731ead03adf5379850"
    },
    "iterators": {
      "Package": "iterators",
      "Version": "1.0.14",
      "Source": "Repository",
      "Repository": "CRAN",
      "Requirements": [
        "R",
        "utils"
      ],
      "Hash": "8954069286b4b2b0d023d1b288dce978"
    },
    "matrixStats": {
      "Package": "matrixStats",
      "Version": "1.3.0",
      "Source": "Repository",
      "Repository": "CRAN",
      "Requirements": [
        "R"
      ],
      "Hash": "4b3ea27a19d669c0405b38134d89a9d1"
    },
    "png": {
      "Package": "png",
      "Version": "0.1-8",
      "Source": "Repository",
      "Repository": "CRAN",
      "Requirements": [
        "R"
      ],
      "Hash": "bd54ba8a0a5faded999a7aab6e46b374"
    },
    "renv": {
      "Package": "renv",
      "Version": "1.0.7",
      "Source": "Repository",
      "Repository": "CRAN",
      "Requirements": [
        "utils"
      ],
      "Hash": "397b7b2a265bc5a7a06852524dabae20"
    },
    "rjson": {
      "Package": "rjson",
      "Version": "0.2.21",
      "Source": "Repository",
      "Repository": "CRAN",
      "Requirements": [
        "R"
      ],
      "Hash": "f9da75e6444e95a1baf8ca24909d63b9"
    },
    "shape": {
      "Package": "shape",
      "Version": "1.4.6.1",
      "Source": "Repository",
      "Repository": "CRAN",
      "Requirements": [
        "R",
        "grDevices",
        "graphics",
        "stats"
      ],
      "Hash": "5c47e84dc0a3ca761ae1d307889e796d"
    }
  }
}
